
Microsoft Visual Studio Solution File, Format Version 12.00
# Visual Studio Version 16
VisualStudioVersion = 16.0.29519.181
MinimumVisualStudioVersion = 10.0.40219.1
Project("{FAE04EC0-301F-11D3-BF4B-00C04F79EFBC}") = "TestWEB", "TestWEB\TestWEB.csproj", "{73EC87F0-3F4D-4A80-ADBF-F60B6C65FBE3}"
EndProject
Global
	GlobalSection(SolutionConfigurationPlatforms) = preSolution
		Debug|Any CPU = Debug|Any CPU
		Release|Any CPU = Release|Any CPU
	EndGlobalSection
	GlobalSection(ProjectConfigurationPlatforms) = postSolution
		{73EC87F0-3F4D-4A80-ADBF-F60B6C65FBE3}.Debug|Any CPU.ActiveCfg = Debug|Any CPU
		{73EC87F0-3F4D-4A80-ADBF-F60B6C65FBE3}.Debug|Any CPU.Build.0 = Debug|Any CPU
		{73EC87F0-3F4D-4A80-ADBF-F60B6C65FBE3}.Release|Any CPU.ActiveCfg = Release|Any CPU
		{73EC87F0-3F4D-4A80-ADBF-F60B6C65FBE3}.Release|Any CPU.Build.0 = Release|Any CPU
	EndGlobalSection
	GlobalSection(SolutionProperties) = preSolution
		HideSolutionNode = FALSE
	EndGlobalSection
	GlobalSection(ExtensibilityGlobals) = postSolution
		SolutionGuid = {3E06D8E5-1F1B-4765-B8DE-B119FC28F39B}
	EndGlobalSection
EndGlobal
